
Microsoft Visual Studio Solution File, Format Version 12.00
# Visual Studio Version 17
VisualStudioVersion = 17.8.34322.80
MinimumVisualStudioVersion = 10.0.40219.1
Project("{FAE04EC0-301F-11D3-BF4B-00C04F79EFBC}") = "Project6", "Project6\Project6.csproj", "{90F20C3E-D5AE-4913-B83E-70A2142E2770}"
EndProject
Global
	GlobalSection(SolutionConfigurationPlatforms) = preSolution
		Debug|Any CPU = Debug|Any CPU
		Release|Any CPU = Release|Any CPU
	EndGlobalSection
	GlobalSection(ProjectConfigurationPlatforms) = postSolution
		{90F20C3E-D5AE-4913-B83E-70A2142E2770}.Debug|Any CPU.ActiveCfg = Debug|Any CPU
		{90F20C3E-D5AE-4913-B83E-70A2142E2770}.Debug|Any CPU.Build.0 = Debug|Any CPU
		{90F20C3E-D5AE-4913-B83E-70A2142E2770}.Release|Any CPU.ActiveCfg = Release|Any CPU
		{90F20C3E-D5AE-4913-B83E-70A2142E2770}.Release|Any CPU.Build.0 = Release|Any CPU
	EndGlobalSection
	GlobalSection(SolutionProperties) = preSolution
		HideSolutionNode = FALSE
	EndGlobalSection
	GlobalSection(ExtensibilityGlobals) = postSolution
		SolutionGuid = {D472DC5F-0C97-4AB7-BA02-7FE1599F1DD4}
	EndGlobalSection
EndGlobal
