
Microsoft Visual Studio Solution File, Format Version 12.00
# Visual Studio Version 17
VisualStudioVersion = 17.8.34322.80
MinimumVisualStudioVersion = 10.0.40219.1
Project("{FAE04EC0-301F-11D3-BF4B-00C04F79EFBC}") = "AuthorizationPractice", "AuthorizationPractice\AuthorizationPractice.csproj", "{92D1B429-17CD-49A9-8E7D-9974E652DE10}"
EndProject
Global
	GlobalSection(SolutionConfigurationPlatforms) = preSolution
		Debug|Any CPU = Debug|Any CPU
		Release|Any CPU = Release|Any CPU
	EndGlobalSection
	GlobalSection(ProjectConfigurationPlatforms) = postSolution
		{92D1B429-17CD-49A9-8E7D-9974E652DE10}.Debug|Any CPU.ActiveCfg = Debug|Any CPU
		{92D1B429-17CD-49A9-8E7D-9974E652DE10}.Debug|Any CPU.Build.0 = Debug|Any CPU
		{92D1B429-17CD-49A9-8E7D-9974E652DE10}.Release|Any CPU.ActiveCfg = Release|Any CPU
		{92D1B429-17CD-49A9-8E7D-9974E652DE10}.Release|Any CPU.Build.0 = Release|Any CPU
	EndGlobalSection
	GlobalSection(SolutionProperties) = preSolution
		HideSolutionNode = FALSE
	EndGlobalSection
	GlobalSection(ExtensibilityGlobals) = postSolution
		SolutionGuid = {7F4A5E5A-2D8F-4B2C-BB7F-89D539C3B5F3}
	EndGlobalSection
EndGlobal
