
Microsoft Visual Studio Solution File, Format Version 12.00
# Visual Studio Version 17
VisualStudioVersion = 17.7.34221.43
MinimumVisualStudioVersion = 10.0.40219.1
Project("{FAE04EC0-301F-11D3-BF4B-00C04F79EFBC}") = "ExcelCryptoGraphy", "ExcelCryptoGraphy\ExcelCryptoGraphy.csproj", "{D7590E1B-22E4-4EE1-8497-9FD4CE914FE8}"
EndProject
Global
	GlobalSection(SolutionConfigurationPlatforms) = preSolution
		Debug|Any CPU = Debug|Any CPU
		Release|Any CPU = Release|Any CPU
	EndGlobalSection
	GlobalSection(ProjectConfigurationPlatforms) = postSolution
		{D7590E1B-22E4-4EE1-8497-9FD4CE914FE8}.Debug|Any CPU.ActiveCfg = Debug|Any CPU
		{D7590E1B-22E4-4EE1-8497-9FD4CE914FE8}.Debug|Any CPU.Build.0 = Debug|Any CPU
		{D7590E1B-22E4-4EE1-8497-9FD4CE914FE8}.Release|Any CPU.ActiveCfg = Release|Any CPU
		{D7590E1B-22E4-4EE1-8497-9FD4CE914FE8}.Release|Any CPU.Build.0 = Release|Any CPU
	EndGlobalSection
	GlobalSection(SolutionProperties) = preSolution
		HideSolutionNode = FALSE
	EndGlobalSection
	GlobalSection(ExtensibilityGlobals) = postSolution
		SolutionGuid = {87F23517-E9A8-42E9-BD71-62EA60EB5B4B}
	EndGlobalSection
EndGlobal
